
Microsoft Visual Studio Solution File, Format Version 12.00
# Visual Studio Version 16
VisualStudioVersion = 16.0.29111.141
MinimumVisualStudioVersion = 10.0.40219.1
Project("{FAE04EC0-301F-11D3-BF4B-00C04F79EFBC}") = "Citizen", "Citizen\Citizen.csproj", "{01AC2CAC-34A0-476F-97BB-CD5FACF75D0D}"
EndProject
Global
	GlobalSection(SolutionConfigurationPlatforms) = preSolution
		Debug|Any CPU = Debug|Any CPU
		Release|Any CPU = Release|Any CPU
	EndGlobalSection
	GlobalSection(ProjectConfigurationPlatforms) = postSolution
		{01AC2CAC-34A0-476F-97BB-CD5FACF75D0D}.Debug|Any CPU.ActiveCfg = Debug|Any CPU
		{01AC2CAC-34A0-476F-97BB-CD5FACF75D0D}.Debug|Any CPU.Build.0 = Debug|Any CPU
		{01AC2CAC-34A0-476F-97BB-CD5FACF75D0D}.Release|Any CPU.ActiveCfg = Release|Any CPU
		{01AC2CAC-34A0-476F-97BB-CD5FACF75D0D}.Release|Any CPU.Build.0 = Release|Any CPU
	EndGlobalSection
	GlobalSection(SolutionProperties) = preSolution
		HideSolutionNode = FALSE
	EndGlobalSection
	GlobalSection(ExtensibilityGlobals) = postSolution
		SolutionGuid = {0A3C09EE-68D4-4FEF-8709-CE8740B370F5}
	EndGlobalSection
EndGlobal
