
Microsoft Visual Studio Solution File, Format Version 12.00
# Visual Studio Version 16
VisualStudioVersion = 16.0.29111.141
MinimumVisualStudioVersion = 10.0.40219.1
Project("{FAE04EC0-301F-11D3-BF4B-00C04F79EFBC}") = "OddEven", "OddEven\OddEven.csproj", "{4727441C-B18C-4990-A0E7-C9FF6990C162}"
EndProject
Global
	GlobalSection(SolutionConfigurationPlatforms) = preSolution
		Debug|Any CPU = Debug|Any CPU
		Release|Any CPU = Release|Any CPU
	EndGlobalSection
	GlobalSection(ProjectConfigurationPlatforms) = postSolution
		{4727441C-B18C-4990-A0E7-C9FF6990C162}.Debug|Any CPU.ActiveCfg = Debug|Any CPU
		{4727441C-B18C-4990-A0E7-C9FF6990C162}.Debug|Any CPU.Build.0 = Debug|Any CPU
		{4727441C-B18C-4990-A0E7-C9FF6990C162}.Release|Any CPU.ActiveCfg = Release|Any CPU
		{4727441C-B18C-4990-A0E7-C9FF6990C162}.Release|Any CPU.Build.0 = Release|Any CPU
	EndGlobalSection
	GlobalSection(SolutionProperties) = preSolution
		HideSolutionNode = FALSE
	EndGlobalSection
	GlobalSection(ExtensibilityGlobals) = postSolution
		SolutionGuid = {19ACB02A-EC37-4E89-A695-9155B27F6F83}
	EndGlobalSection
EndGlobal
